
Microsoft Visual Studio Solution File, Format Version 12.00
# Visual Studio Version 16
VisualStudioVersion = 16.0.33130.400
MinimumVisualStudioVersion = 10.0.40219.1
Project("{FAE04EC0-301F-11D3-BF4B-00C04F79EFBC}") = "HAMS", "HAMS.csproj", "{5545C54A-E42A-4CF8-B37E-BF7FBCDF5E5D}"
EndProject
Project("{FAE04EC0-301F-11D3-BF4B-00C04F79EFBC}") = "HAMS.Frame.Kernel", "..\HAMS.Frame.Kernel\HAMS.Frame.Kernel.csproj", "{754A02F3-71B3-43DD-8239-3D039205F8D7}"
EndProject
Project("{FAE04EC0-301F-11D3-BF4B-00C04F79EFBC}") = "HAMS.Frame.Kernel.Test", "..\HAMS.Frame.Kernel.Test\HAMS.Frame.Kernel.Test.csproj", "{A4CDB1D9-BE7F-453E-BEB8-6C78BE450A0C}"
EndProject
Global
	GlobalSection(SolutionConfigurationPlatforms) = preSolution
		Debug|Any CPU = Debug|Any CPU
		Release|Any CPU = Release|Any CPU
	EndGlobalSection
	GlobalSection(ProjectConfigurationPlatforms) = postSolution
		{5545C54A-E42A-4CF8-B37E-BF7FBCDF5E5D}.Debug|Any CPU.ActiveCfg = Debug|Any CPU
		{5545C54A-E42A-4CF8-B37E-BF7FBCDF5E5D}.Debug|Any CPU.Build.0 = Debug|Any CPU
		{5545C54A-E42A-4CF8-B37E-BF7FBCDF5E5D}.Release|Any CPU.ActiveCfg = Release|Any CPU
		{5545C54A-E42A-4CF8-B37E-BF7FBCDF5E5D}.Release|Any CPU.Build.0 = Release|Any CPU
		{754A02F3-71B3-43DD-8239-3D039205F8D7}.Debug|Any CPU.ActiveCfg = Debug|Any CPU
		{754A02F3-71B3-43DD-8239-3D039205F8D7}.Debug|Any CPU.Build.0 = Debug|Any CPU
		{754A02F3-71B3-43DD-8239-3D039205F8D7}.Release|Any CPU.ActiveCfg = Release|Any CPU
		{754A02F3-71B3-43DD-8239-3D039205F8D7}.Release|Any CPU.Build.0 = Release|Any CPU
		{A4CDB1D9-BE7F-453E-BEB8-6C78BE450A0C}.Debug|Any CPU.ActiveCfg = Debug|Any CPU
		{A4CDB1D9-BE7F-453E-BEB8-6C78BE450A0C}.Debug|Any CPU.Build.0 = Debug|Any CPU
		{A4CDB1D9-BE7F-453E-BEB8-6C78BE450A0C}.Release|Any CPU.ActiveCfg = Release|Any CPU
		{A4CDB1D9-BE7F-453E-BEB8-6C78BE450A0C}.Release|Any CPU.Build.0 = Release|Any CPU
	EndGlobalSection
	GlobalSection(SolutionProperties) = preSolution
		HideSolutionNode = FALSE
	EndGlobalSection
	GlobalSection(ExtensibilityGlobals) = postSolution
		SolutionGuid = {A3BB1A81-2C04-4DC9-97AF-85A08E188FEE}
	EndGlobalSection
EndGlobal
