
Microsoft Visual Studio Solution File, Format Version 12.00
# Visual Studio Version 16
VisualStudioVersion = 16.0.33130.400
MinimumVisualStudioVersion = 10.0.40219.1
Project("{FAE04EC0-301F-11D3-BF4B-00C04F79EFBC}") = "HAMS", "HAMS.csproj", "{5545C54A-E42A-4CF8-B37E-BF7FBCDF5E5D}"
EndProject
Project("{FAE04EC0-301F-11D3-BF4B-00C04F79EFBC}") = "HAMS.Frame.Kernel", "..\HAMS.Frame.Kernel\HAMS.Frame.Kernel.csproj", "{754A02F3-71B3-43DD-8239-3D039205F8D7}"
EndProject
Project("{FAE04EC0-301F-11D3-BF4B-00C04F79EFBC}") = "HAMS.Frame.Service", "..\HAMS.Frame.Service\HAMS.Frame.Service.csproj", "{5A6F2252-23CB-44A3-84F5-2F64C0A8F510}"
EndProject
Project("{FAE04EC0-301F-11D3-BF4B-00C04F79EFBC}") = "HAMS.Frame.Control.Login", "..\HAMS.Frame.Control.Login\HAMS.Frame.Control.Login.csproj", "{ADF4A29A-FEAF-4423-BA5F-49B9B1EF20F4}"
EndProject
Project("{FAE04EC0-301F-11D3-BF4B-00C04F79EFBC}") = "HAMS.Frame.Control.MainHeader", "..\HAMS.Frame.Control.MainHeader\HAMS.Frame.Control.MainHeader.csproj", "{61235AAD-497E-4364-977A-8B9DEC8FEF6B}"
EndProject
Project("{FAE04EC0-301F-11D3-BF4B-00C04F79EFBC}") = "HAMS.Frame.Control.MainLeftDrawer", "..\HAMS.Frame.Control.MainLeftDrawer\HAMS.Frame.Control.MainLeftDrawer.csproj", "{E3B1A583-92E0-41B6-838C-4AE62DD49169}"
EndProject
Global
	GlobalSection(SolutionConfigurationPlatforms) = preSolution
		Debug|Any CPU = Debug|Any CPU
		Release|Any CPU = Release|Any CPU
	EndGlobalSection
	GlobalSection(ProjectConfigurationPlatforms) = postSolution
		{5545C54A-E42A-4CF8-B37E-BF7FBCDF5E5D}.Debug|Any CPU.ActiveCfg = Debug|Any CPU
		{5545C54A-E42A-4CF8-B37E-BF7FBCDF5E5D}.Debug|Any CPU.Build.0 = Debug|Any CPU
		{5545C54A-E42A-4CF8-B37E-BF7FBCDF5E5D}.Release|Any CPU.ActiveCfg = Release|Any CPU
		{5545C54A-E42A-4CF8-B37E-BF7FBCDF5E5D}.Release|Any CPU.Build.0 = Release|Any CPU
		{754A02F3-71B3-43DD-8239-3D039205F8D7}.Debug|Any CPU.ActiveCfg = Debug|Any CPU
		{754A02F3-71B3-43DD-8239-3D039205F8D7}.Debug|Any CPU.Build.0 = Debug|Any CPU
		{754A02F3-71B3-43DD-8239-3D039205F8D7}.Release|Any CPU.ActiveCfg = Release|Any CPU
		{754A02F3-71B3-43DD-8239-3D039205F8D7}.Release|Any CPU.Build.0 = Release|Any CPU
		{5A6F2252-23CB-44A3-84F5-2F64C0A8F510}.Debug|Any CPU.ActiveCfg = Debug|Any CPU
		{5A6F2252-23CB-44A3-84F5-2F64C0A8F510}.Debug|Any CPU.Build.0 = Debug|Any CPU
		{5A6F2252-23CB-44A3-84F5-2F64C0A8F510}.Release|Any CPU.ActiveCfg = Release|Any CPU
		{5A6F2252-23CB-44A3-84F5-2F64C0A8F510}.Release|Any CPU.Build.0 = Release|Any CPU
		{ADF4A29A-FEAF-4423-BA5F-49B9B1EF20F4}.Debug|Any CPU.ActiveCfg = Debug|Any CPU
		{ADF4A29A-FEAF-4423-BA5F-49B9B1EF20F4}.Debug|Any CPU.Build.0 = Debug|Any CPU
		{ADF4A29A-FEAF-4423-BA5F-49B9B1EF20F4}.Release|Any CPU.ActiveCfg = Release|Any CPU
		{ADF4A29A-FEAF-4423-BA5F-49B9B1EF20F4}.Release|Any CPU.Build.0 = Release|Any CPU
		{61235AAD-497E-4364-977A-8B9DEC8FEF6B}.Debug|Any CPU.ActiveCfg = Debug|Any CPU
		{61235AAD-497E-4364-977A-8B9DEC8FEF6B}.Debug|Any CPU.Build.0 = Debug|Any CPU
		{61235AAD-497E-4364-977A-8B9DEC8FEF6B}.Release|Any CPU.ActiveCfg = Release|Any CPU
		{61235AAD-497E-4364-977A-8B9DEC8FEF6B}.Release|Any CPU.Build.0 = Release|Any CPU
		{E3B1A583-92E0-41B6-838C-4AE62DD49169}.Debug|Any CPU.ActiveCfg = Debug|Any CPU
		{E3B1A583-92E0-41B6-838C-4AE62DD49169}.Debug|Any CPU.Build.0 = Debug|Any CPU
		{E3B1A583-92E0-41B6-838C-4AE62DD49169}.Release|Any CPU.ActiveCfg = Release|Any CPU
		{E3B1A583-92E0-41B6-838C-4AE62DD49169}.Release|Any CPU.Build.0 = Release|Any CPU
	EndGlobalSection
	GlobalSection(SolutionProperties) = preSolution
		HideSolutionNode = FALSE
	EndGlobalSection
	GlobalSection(ExtensibilityGlobals) = postSolution
		SolutionGuid = {A3BB1A81-2C04-4DC9-97AF-85A08E188FEE}
	EndGlobalSection
EndGlobal
